
Microsoft Visual Studio Solution File, Format Version 12.00
# Visual Studio Version 16
VisualStudioVersion = 16.0.29418.71
MinimumVisualStudioVersion = 10.0.40219.1
Project("{FAE04EC0-301F-11D3-BF4B-00C04F79EFBC}") = "WinTSDemo", "WinTSDemo\WinTSDemo.csproj", "{F587C038-A6C0-4E2A-BD0B-BCE266F00890}"
EndProject
Project("{FAE04EC0-301F-11D3-BF4B-00C04F79EFBC}") = "WinTSDemo.Tests.MSTest", "WinTSDemo.Tests.MSTest\WinTSDemo.Tests.MSTest.csproj", "{016D6615-9FA8-4CB3-ACA8-C2F47A840E3C}"
EndProject
Project("{FAE04EC0-301F-11D3-BF4B-00C04F79EFBC}") = "WinTSDemo.Tests.WinAppDriver", "WinTSDemo.Tests.WinAppDriver\WinTSDemo.Tests.WinAppDriver.csproj", "{52758B16-4E97-42A7-9B0E-4BF00CD17B11}"
EndProject
Project("{9A19103F-16F7-4668-BE54-9A1E7A4F7556}") = "WinTSDemo.Core", "WinTSDemo.Core\WinTSDemo.Core.csproj", "{D30DE586-E9DE-4BD3-83EA-921D4A5DC9D5}"
EndProject
Project("{9A19103F-16F7-4668-BE54-9A1E7A4F7556}") = "WinTSDemo.WebApi", "WinTSDemo.WebApi\WinTSDemo.WebApi.csproj", "{A22EAB0B-91D6-4A70-AE3E-754D6289E253}"
EndProject
Global
	GlobalSection(SolutionConfigurationPlatforms) = preSolution
		Debug|Any CPU = Debug|Any CPU
		Debug|ARM = Debug|ARM
		Debug|x64 = Debug|x64
		Debug|x86 = Debug|x86
		Release|Any CPU = Release|Any CPU
		Release|ARM = Release|ARM
		Release|x64 = Release|x64
		Release|x86 = Release|x86
	EndGlobalSection
	GlobalSection(ProjectConfigurationPlatforms) = postSolution
		{F587C038-A6C0-4E2A-BD0B-BCE266F00890}.Debug|Any CPU.ActiveCfg = Debug|x86
		{F587C038-A6C0-4E2A-BD0B-BCE266F00890}.Debug|ARM.ActiveCfg = Debug|ARM
		{F587C038-A6C0-4E2A-BD0B-BCE266F00890}.Debug|ARM.Build.0 = Debug|ARM
		{F587C038-A6C0-4E2A-BD0B-BCE266F00890}.Debug|ARM.Deploy.0 = Debug|ARM
		{F587C038-A6C0-4E2A-BD0B-BCE266F00890}.Debug|x64.ActiveCfg = Debug|x64
		{F587C038-A6C0-4E2A-BD0B-BCE266F00890}.Debug|x64.Build.0 = Debug|x64
		{F587C038-A6C0-4E2A-BD0B-BCE266F00890}.Debug|x64.Deploy.0 = Debug|x64
		{F587C038-A6C0-4E2A-BD0B-BCE266F00890}.Debug|x86.ActiveCfg = Debug|x86
		{F587C038-A6C0-4E2A-BD0B-BCE266F00890}.Debug|x86.Build.0 = Debug|x86
		{F587C038-A6C0-4E2A-BD0B-BCE266F00890}.Debug|x86.Deploy.0 = Debug|x86
		{F587C038-A6C0-4E2A-BD0B-BCE266F00890}.Release|Any CPU.ActiveCfg = Release|x86
		{F587C038-A6C0-4E2A-BD0B-BCE266F00890}.Release|ARM.ActiveCfg = Release|ARM
		{F587C038-A6C0-4E2A-BD0B-BCE266F00890}.Release|ARM.Build.0 = Release|ARM
		{F587C038-A6C0-4E2A-BD0B-BCE266F00890}.Release|ARM.Deploy.0 = Release|ARM
		{F587C038-A6C0-4E2A-BD0B-BCE266F00890}.Release|x64.ActiveCfg = Release|x64
		{F587C038-A6C0-4E2A-BD0B-BCE266F00890}.Release|x64.Build.0 = Release|x64
		{F587C038-A6C0-4E2A-BD0B-BCE266F00890}.Release|x64.Deploy.0 = Release|x64
		{F587C038-A6C0-4E2A-BD0B-BCE266F00890}.Release|x86.ActiveCfg = Release|x86
		{F587C038-A6C0-4E2A-BD0B-BCE266F00890}.Release|x86.Build.0 = Release|x86
		{F587C038-A6C0-4E2A-BD0B-BCE266F00890}.Release|x86.Deploy.0 = Release|x86
		{016D6615-9FA8-4CB3-ACA8-C2F47A840E3C}.Debug|Any CPU.ActiveCfg = Debug|x86
		{016D6615-9FA8-4CB3-ACA8-C2F47A840E3C}.Debug|ARM.ActiveCfg = Debug|ARM
		{016D6615-9FA8-4CB3-ACA8-C2F47A840E3C}.Debug|ARM.Build.0 = Debug|ARM
		{016D6615-9FA8-4CB3-ACA8-C2F47A840E3C}.Debug|ARM.Deploy.0 = Debug|ARM
		{016D6615-9FA8-4CB3-ACA8-C2F47A840E3C}.Debug|x64.ActiveCfg = Debug|x64
		{016D6615-9FA8-4CB3-ACA8-C2F47A840E3C}.Debug|x64.Build.0 = Debug|x64
		{016D6615-9FA8-4CB3-ACA8-C2F47A840E3C}.Debug|x64.Deploy.0 = Debug|x64
		{016D6615-9FA8-4CB3-ACA8-C2F47A840E3C}.Debug|x86.ActiveCfg = Debug|x86
		{016D6615-9FA8-4CB3-ACA8-C2F47A840E3C}.Debug|x86.Build.0 = Debug|x86
		{016D6615-9FA8-4CB3-ACA8-C2F47A840E3C}.Debug|x86.Deploy.0 = Debug|x86
		{016D6615-9FA8-4CB3-ACA8-C2F47A840E3C}.Release|Any CPU.ActiveCfg = Release|x86
		{016D6615-9FA8-4CB3-ACA8-C2F47A840E3C}.Release|ARM.ActiveCfg = Release|ARM
		{016D6615-9FA8-4CB3-ACA8-C2F47A840E3C}.Release|ARM.Build.0 = Release|ARM
		{016D6615-9FA8-4CB3-ACA8-C2F47A840E3C}.Release|ARM.Deploy.0 = Release|ARM
		{016D6615-9FA8-4CB3-ACA8-C2F47A840E3C}.Release|x64.ActiveCfg = Release|x64
		{016D6615-9FA8-4CB3-ACA8-C2F47A840E3C}.Release|x64.Build.0 = Release|x64
		{016D6615-9FA8-4CB3-ACA8-C2F47A840E3C}.Release|x64.Deploy.0 = Release|x64
		{016D6615-9FA8-4CB3-ACA8-C2F47A840E3C}.Release|x86.ActiveCfg = Release|x86
		{016D6615-9FA8-4CB3-ACA8-C2F47A840E3C}.Release|x86.Build.0 = Release|x86
		{016D6615-9FA8-4CB3-ACA8-C2F47A840E3C}.Release|x86.Deploy.0 = Release|x86
		{52758B16-4E97-42A7-9B0E-4BF00CD17B11}.Debug|Any CPU.ActiveCfg = Debug|Any CPU
		{52758B16-4E97-42A7-9B0E-4BF00CD17B11}.Debug|Any CPU.Build.0 = Debug|Any CPU
		{52758B16-4E97-42A7-9B0E-4BF00CD17B11}.Debug|ARM.ActiveCfg = Debug|Any CPU
		{52758B16-4E97-42A7-9B0E-4BF00CD17B11}.Debug|ARM.Build.0 = Debug|Any CPU
		{52758B16-4E97-42A7-9B0E-4BF00CD17B11}.Debug|x64.ActiveCfg = Debug|Any CPU
		{52758B16-4E97-42A7-9B0E-4BF00CD17B11}.Debug|x64.Build.0 = Debug|Any CPU
		{52758B16-4E97-42A7-9B0E-4BF00CD17B11}.Debug|x86.ActiveCfg = Debug|Any CPU
		{52758B16-4E97-42A7-9B0E-4BF00CD17B11}.Debug|x86.Build.0 = Debug|Any CPU
		{52758B16-4E97-42A7-9B0E-4BF00CD17B11}.Release|Any CPU.ActiveCfg = Release|Any CPU
		{52758B16-4E97-42A7-9B0E-4BF00CD17B11}.Release|Any CPU.Build.0 = Release|Any CPU
		{52758B16-4E97-42A7-9B0E-4BF00CD17B11}.Release|ARM.ActiveCfg = Release|Any CPU
		{52758B16-4E97-42A7-9B0E-4BF00CD17B11}.Release|ARM.Build.0 = Release|Any CPU
		{52758B16-4E97-42A7-9B0E-4BF00CD17B11}.Release|x64.ActiveCfg = Release|Any CPU
		{52758B16-4E97-42A7-9B0E-4BF00CD17B11}.Release|x64.Build.0 = Release|Any CPU
		{52758B16-4E97-42A7-9B0E-4BF00CD17B11}.Release|x86.ActiveCfg = Release|Any CPU
		{52758B16-4E97-42A7-9B0E-4BF00CD17B11}.Release|x86.Build.0 = Release|Any CPU
		{D30DE586-E9DE-4BD3-83EA-921D4A5DC9D5}.Debug|Any CPU.ActiveCfg = Debug|Any CPU
		{D30DE586-E9DE-4BD3-83EA-921D4A5DC9D5}.Debug|Any CPU.Build.0 = Debug|Any CPU
		{D30DE586-E9DE-4BD3-83EA-921D4A5DC9D5}.Debug|ARM.ActiveCfg = Debug|Any CPU
		{D30DE586-E9DE-4BD3-83EA-921D4A5DC9D5}.Debug|ARM.Build.0 = Debug|Any CPU
		{D30DE586-E9DE-4BD3-83EA-921D4A5DC9D5}.Debug|x64.ActiveCfg = Debug|Any CPU
		{D30DE586-E9DE-4BD3-83EA-921D4A5DC9D5}.Debug|x64.Build.0 = Debug|Any CPU
		{D30DE586-E9DE-4BD3-83EA-921D4A5DC9D5}.Debug|x86.ActiveCfg = Debug|Any CPU
		{D30DE586-E9DE-4BD3-83EA-921D4A5DC9D5}.Debug|x86.Build.0 = Debug|Any CPU
		{D30DE586-E9DE-4BD3-83EA-921D4A5DC9D5}.Release|Any CPU.ActiveCfg = Release|Any CPU
		{D30DE586-E9DE-4BD3-83EA-921D4A5DC9D5}.Release|Any CPU.Build.0 = Release|Any CPU
		{D30DE586-E9DE-4BD3-83EA-921D4A5DC9D5}.Release|ARM.ActiveCfg = Release|Any CPU
		{D30DE586-E9DE-4BD3-83EA-921D4A5DC9D5}.Release|ARM.Build.0 = Release|Any CPU
		{D30DE586-E9DE-4BD3-83EA-921D4A5DC9D5}.Release|x64.ActiveCfg = Release|Any CPU
		{D30DE586-E9DE-4BD3-83EA-921D4A5DC9D5}.Release|x64.Build.0 = Release|Any CPU
		{D30DE586-E9DE-4BD3-83EA-921D4A5DC9D5}.Release|x86.ActiveCfg = Release|Any CPU
		{D30DE586-E9DE-4BD3-83EA-921D4A5DC9D5}.Release|x86.Build.0 = Release|Any CPU
		{A22EAB0B-91D6-4A70-AE3E-754D6289E253}.Debug|Any CPU.ActiveCfg = Debug|Any CPU
		{A22EAB0B-91D6-4A70-AE3E-754D6289E253}.Debug|Any CPU.Build.0 = Debug|Any CPU
		{A22EAB0B-91D6-4A70-AE3E-754D6289E253}.Debug|ARM.ActiveCfg = Debug|Any CPU
		{A22EAB0B-91D6-4A70-AE3E-754D6289E253}.Debug|ARM.Build.0 = Debug|Any CPU
		{A22EAB0B-91D6-4A70-AE3E-754D6289E253}.Debug|x64.ActiveCfg = Debug|Any CPU
		{A22EAB0B-91D6-4A70-AE3E-754D6289E253}.Debug|x64.Build.0 = Debug|Any CPU
		{A22EAB0B-91D6-4A70-AE3E-754D6289E253}.Debug|x86.ActiveCfg = Debug|Any CPU
		{A22EAB0B-91D6-4A70-AE3E-754D6289E253}.Debug|x86.Build.0 = Debug|Any CPU
		{A22EAB0B-91D6-4A70-AE3E-754D6289E253}.Release|Any CPU.ActiveCfg = Release|Any CPU
		{A22EAB0B-91D6-4A70-AE3E-754D6289E253}.Release|Any CPU.Build.0 = Release|Any CPU
		{A22EAB0B-91D6-4A70-AE3E-754D6289E253}.Release|ARM.ActiveCfg = Release|Any CPU
		{A22EAB0B-91D6-4A70-AE3E-754D6289E253}.Release|ARM.Build.0 = Release|Any CPU
		{A22EAB0B-91D6-4A70-AE3E-754D6289E253}.Release|x64.ActiveCfg = Release|Any CPU
		{A22EAB0B-91D6-4A70-AE3E-754D6289E253}.Release|x64.Build.0 = Release|Any CPU
		{A22EAB0B-91D6-4A70-AE3E-754D6289E253}.Release|x86.ActiveCfg = Release|Any CPU
		{A22EAB0B-91D6-4A70-AE3E-754D6289E253}.Release|x86.Build.0 = Release|Any CPU
	EndGlobalSection
	GlobalSection(SolutionProperties) = preSolution
		HideSolutionNode = FALSE
	EndGlobalSection
	GlobalSection(ExtensibilityGlobals) = postSolution
		SolutionGuid = {DC634036-BAD4-4BBE-B5C4-A0D3CB594C60}
	EndGlobalSection
EndGlobal
